
Microsoft Visual Studio Solution File, Format Version 12.00
# Visual Studio Version 18
VisualStudioVersion = 18.2.11415.280 d18.0
MinimumVisualStudioVersion = 10.0.40219.1
Project("{FAE04EC0-301F-11D3-BF4B-00C04F79EFBC}") = "SecureUploadDemo", "SecureUploadDemo.csproj", "{5E12AB2F-97E4-648C-A0B6-B1A9D1A9D322}"
EndProject
Global
	GlobalSection(SolutionConfigurationPlatforms) = preSolution
		Debug|Any CPU = Debug|Any CPU
		Release|Any CPU = Release|Any CPU
	EndGlobalSection
	GlobalSection(ProjectConfigurationPlatforms) = postSolution
		{5E12AB2F-97E4-648C-A0B6-B1A9D1A9D322}.Debug|Any CPU.ActiveCfg = Debug|Any CPU
		{5E12AB2F-97E4-648C-A0B6-B1A9D1A9D322}.Debug|Any CPU.Build.0 = Debug|Any CPU
		{5E12AB2F-97E4-648C-A0B6-B1A9D1A9D322}.Release|Any CPU.ActiveCfg = Release|Any CPU
		{5E12AB2F-97E4-648C-A0B6-B1A9D1A9D322}.Release|Any CPU.Build.0 = Release|Any CPU
	EndGlobalSection
	GlobalSection(SolutionProperties) = preSolution
		HideSolutionNode = FALSE
	EndGlobalSection
	GlobalSection(ExtensibilityGlobals) = postSolution
		SolutionGuid = {8E3C45D3-826D-4540-8412-11F79280B807}
	EndGlobalSection
EndGlobal
